
Microsoft Visual Studio Solution File, Format Version 12.00
# Visual Studio 15
VisualStudioVersion = 15.0.27428.2027
MinimumVisualStudioVersion = 10.0.40219.1
Project("{FAE04EC0-301F-11D3-BF4B-00C04F79EFBC}") = "WCFServiceArmun", "WCFServiceArmun\WCFServiceArmun.csproj", "{E9EEC6F5-A913-417C-BB34-D509AACE90FE}"
EndProject
Project("{2150E333-8FDC-42A3-9474-1A3956D46DE8}") = "Service Layer", "Service Layer", "{BC25F4A7-693B-496F-9056-5BA383AD7C80}"
EndProject
Project("{2150E333-8FDC-42A3-9474-1A3956D46DE8}") = "Domain Layer", "Domain Layer", "{B4C6306F-6D93-4660-9C60-21B2F718AEAF}"
EndProject
Project("{2150E333-8FDC-42A3-9474-1A3956D46DE8}") = "Infrastructure Layer", "Infrastructure Layer", "{C435BA31-EBCE-4A98-8606-9F9515CDF4C9}"
EndProject
Project("{FAE04EC0-301F-11D3-BF4B-00C04F79EFBC}") = "armun.general.Dominio", "armun.general.Dominio\armun.general.Dominio.csproj", "{07FD5FC6-1A8A-4CC7-8E1C-E83C3024756E}"
EndProject
Project("{FAE04EC0-301F-11D3-BF4B-00C04F79EFBC}") = "armun.general.Contrato", "armun.general.Contrato\armun.general.Contrato.csproj", "{670AA4DC-7E5A-44B1-88B6-20A07ACCB012}"
EndProject
Project("{FAE04EC0-301F-11D3-BF4B-00C04F79EFBC}") = "armun.general.Implementacion", "armun.general.Implementacion\armun.general.Implementacion.csproj", "{A4EB6317-4EA3-4F17-9E7C-F25190931348}"
EndProject
Project("{FAE04EC0-301F-11D3-BF4B-00C04F79EFBC}") = "armun.general.ContratoRepositorio", "armun.general.ContratoRepositorio\armun.general.ContratoRepositorio.csproj", "{D2E2229D-E9A1-4ED1-A7D6-7F85FDFA5246}"
EndProject
Project("{FAE04EC0-301F-11D3-BF4B-00C04F79EFBC}") = "armun.general.SQLRepositorio", "armun.general.SQLRepositorio\armun.general.SQLRepositorio.csproj", "{48486F1E-6967-490B-B29D-8EA7447628C2}"
EndProject
Project("{FAE04EC0-301F-11D3-BF4B-00C04F79EFBC}") = "armun.general.Fachada", "armun.general.Fachada\armun.general.Fachada.csproj", "{F0052E42-BFC9-4320-AA2B-226D5C6CBDF2}"
EndProject
Global
	GlobalSection(SolutionConfigurationPlatforms) = preSolution
		Debug|Any CPU = Debug|Any CPU
		Release|Any CPU = Release|Any CPU
	EndGlobalSection
	GlobalSection(ProjectConfigurationPlatforms) = postSolution
		{E9EEC6F5-A913-417C-BB34-D509AACE90FE}.Debug|Any CPU.ActiveCfg = Debug|Any CPU
		{E9EEC6F5-A913-417C-BB34-D509AACE90FE}.Debug|Any CPU.Build.0 = Debug|Any CPU
		{E9EEC6F5-A913-417C-BB34-D509AACE90FE}.Release|Any CPU.ActiveCfg = Release|Any CPU
		{E9EEC6F5-A913-417C-BB34-D509AACE90FE}.Release|Any CPU.Build.0 = Release|Any CPU
		{07FD5FC6-1A8A-4CC7-8E1C-E83C3024756E}.Debug|Any CPU.ActiveCfg = Debug|Any CPU
		{07FD5FC6-1A8A-4CC7-8E1C-E83C3024756E}.Debug|Any CPU.Build.0 = Debug|Any CPU
		{07FD5FC6-1A8A-4CC7-8E1C-E83C3024756E}.Release|Any CPU.ActiveCfg = Release|Any CPU
		{07FD5FC6-1A8A-4CC7-8E1C-E83C3024756E}.Release|Any CPU.Build.0 = Release|Any CPU
		{670AA4DC-7E5A-44B1-88B6-20A07ACCB012}.Debug|Any CPU.ActiveCfg = Debug|Any CPU
		{670AA4DC-7E5A-44B1-88B6-20A07ACCB012}.Debug|Any CPU.Build.0 = Debug|Any CPU
		{670AA4DC-7E5A-44B1-88B6-20A07ACCB012}.Release|Any CPU.ActiveCfg = Release|Any CPU
		{670AA4DC-7E5A-44B1-88B6-20A07ACCB012}.Release|Any CPU.Build.0 = Release|Any CPU
		{A4EB6317-4EA3-4F17-9E7C-F25190931348}.Debug|Any CPU.ActiveCfg = Debug|Any CPU
		{A4EB6317-4EA3-4F17-9E7C-F25190931348}.Debug|Any CPU.Build.0 = Debug|Any CPU
		{A4EB6317-4EA3-4F17-9E7C-F25190931348}.Release|Any CPU.ActiveCfg = Release|Any CPU
		{A4EB6317-4EA3-4F17-9E7C-F25190931348}.Release|Any CPU.Build.0 = Release|Any CPU
		{D2E2229D-E9A1-4ED1-A7D6-7F85FDFA5246}.Debug|Any CPU.ActiveCfg = Debug|Any CPU
		{D2E2229D-E9A1-4ED1-A7D6-7F85FDFA5246}.Debug|Any CPU.Build.0 = Debug|Any CPU
		{D2E2229D-E9A1-4ED1-A7D6-7F85FDFA5246}.Release|Any CPU.ActiveCfg = Release|Any CPU
		{D2E2229D-E9A1-4ED1-A7D6-7F85FDFA5246}.Release|Any CPU.Build.0 = Release|Any CPU
		{48486F1E-6967-490B-B29D-8EA7447628C2}.Debug|Any CPU.ActiveCfg = Debug|Any CPU
		{48486F1E-6967-490B-B29D-8EA7447628C2}.Debug|Any CPU.Build.0 = Debug|Any CPU
		{48486F1E-6967-490B-B29D-8EA7447628C2}.Release|Any CPU.ActiveCfg = Release|Any CPU
		{48486F1E-6967-490B-B29D-8EA7447628C2}.Release|Any CPU.Build.0 = Release|Any CPU
		{F0052E42-BFC9-4320-AA2B-226D5C6CBDF2}.Debug|Any CPU.ActiveCfg = Debug|Any CPU
		{F0052E42-BFC9-4320-AA2B-226D5C6CBDF2}.Debug|Any CPU.Build.0 = Debug|Any CPU
		{F0052E42-BFC9-4320-AA2B-226D5C6CBDF2}.Release|Any CPU.ActiveCfg = Release|Any CPU
		{F0052E42-BFC9-4320-AA2B-226D5C6CBDF2}.Release|Any CPU.Build.0 = Release|Any CPU
	EndGlobalSection
	GlobalSection(SolutionProperties) = preSolution
		HideSolutionNode = FALSE
	EndGlobalSection
	GlobalSection(NestedProjects) = preSolution
		{E9EEC6F5-A913-417C-BB34-D509AACE90FE} = {BC25F4A7-693B-496F-9056-5BA383AD7C80}
		{07FD5FC6-1A8A-4CC7-8E1C-E83C3024756E} = {B4C6306F-6D93-4660-9C60-21B2F718AEAF}
		{670AA4DC-7E5A-44B1-88B6-20A07ACCB012} = {BC25F4A7-693B-496F-9056-5BA383AD7C80}
		{A4EB6317-4EA3-4F17-9E7C-F25190931348} = {BC25F4A7-693B-496F-9056-5BA383AD7C80}
		{D2E2229D-E9A1-4ED1-A7D6-7F85FDFA5246} = {B4C6306F-6D93-4660-9C60-21B2F718AEAF}
		{48486F1E-6967-490B-B29D-8EA7447628C2} = {C435BA31-EBCE-4A98-8606-9F9515CDF4C9}
		{F0052E42-BFC9-4320-AA2B-226D5C6CBDF2} = {B4C6306F-6D93-4660-9C60-21B2F718AEAF}
	EndGlobalSection
	GlobalSection(ExtensibilityGlobals) = postSolution
		SolutionGuid = {0F687195-3A35-4C97-A80A-9CA48FE344F6}
	EndGlobalSection
EndGlobal
